Microsoft Visual Studio Solution File, Format Version 12.00
# Visual Studio Version 17
VisualStudioVersion = 17.5.2.0
MinimumVisualStudioVersion = 10.0.40219.1
Project("{FAE04EC0-301F-11D3-BF4B-00C04F79EFBC}") = "busline_project", "busline_project.csproj", "{EE73A3B0-46E1-3253-D478-DDDA8529CA77}"
EndProject
Global
	GlobalSection(SolutionConfigurationPlatforms) = preSolution
		Debug|Any CPU = Debug|Any CPU
		Release|Any CPU = Release|Any CPU
	EndGlobalSection
	GlobalSection(ProjectConfigurationPlatforms) = postSolution
		{EE73A3B0-46E1-3253-D478-DDDA8529CA77}.Debug|Any CPU.ActiveCfg = Debug|Any CPU
		{EE73A3B0-46E1-3253-D478-DDDA8529CA77}.Debug|Any CPU.Build.0 = Debug|Any CPU
		{EE73A3B0-46E1-3253-D478-DDDA8529CA77}.Release|Any CPU.ActiveCfg = Release|Any CPU
		{EE73A3B0-46E1-3253-D478-DDDA8529CA77}.Release|Any CPU.Build.0 = Release|Any CPU
	EndGlobalSection
	GlobalSection(SolutionProperties) = preSolution
		HideSolutionNode = FALSE
	EndGlobalSection
	GlobalSection(ExtensibilityGlobals) = postSolution
		SolutionGuid = {E931795B-2E10-4770-85F2-D2EDFFA2EF7C}
	EndGlobalSection
EndGlobal
